{
    "hash": "09062d25b41da645c94d3cee682eb0ba",
    "packages": [
        {
            "name": "behat/behat",
            "version": "v2.4.4",
            "source": {
                "type": "git",
                "url": "git://github.com/Behat/Behat.git",
                "reference": "v2.4.4"
            },
            "dist": {
                "type": "zip",
                "url": "https://github.com/Behat/Behat/zipball/v2.4.4",
                "reference": "v2.4.4",
                "shasum": ""
            },
            "require": {
                "php": ">=5.3.1",
                "behat/gherkin": ">=2.2.4,<2.3.0-dev",
                "symfony/console": ">=2.0.0,<2.2.0-dev",
                "symfony/config": ">=2.0.0,<2.2.0-dev",
                "symfony/dependency-injection": ">=2.0.0,<2.2.0-dev",
                "symfony/event-dispatcher": ">=2.0.0,<2.2.0-dev",
                "symfony/translation": ">=2.0.0,<2.2.0-dev",
                "symfony/yaml": ">=2.0.0,<2.2.0-dev",
                "symfony/finder": ">=2.0.0,<2.2.0-dev"
            },
            "suggest": {
                "behat/symfony2-extension": "for integration with Symfony2 web framework",
                "behat/yii-extension": "for integration with Yii web framework",
                "behat/mink-extension": "for integration with Mink testing framework"
            },
            "time": "2012-09-04 07:59:18",
            "bin": [
                "bin/behat"
            ],
            "type": "library",
            "installation-source": "dist",
            "autoload": {
                "psr-0": {
                    "Behat\\Behat": "src/"
                }
            },
            "notification-url": "https://packagist.org/downloads/",
            "license": [
                "MIT"
            ],
            "authors": [
                {
                    "name": "Konstantin Kudryashov",
                    "email": "ever.zet@gmail.com",
                    "homepage": "http://everzet.com"
                }
            ],
            "description": "Scenario-oriented BDD framework for PHP 5.3",
            "homepage": "http://behat.org/",
            "keywords": [
                "Symfony2",
                "BDD",
                "Behat"
            ]
        },
        {
            "name": "behat/common-contexts",
            "version": "dev-ChangeUriBasedComparison",
            "source": {
                "type": "git",
                "url": "https://github.com/sizuhiko/CommonContexts.git",
                "reference": "2187a5b628cbea4bc96755ec5c30bc46736a48b5"
            },
            "dist": {
                "type": "zip",
                "url": "https://api.github.com/repos/sizuhiko/CommonContexts/zipball/2187a5b628cbea4bc96755ec5c30bc46736a48b5",
                "reference": "2187a5b628cbea4bc96755ec5c30bc46736a48b5",
                "shasum": ""
            },
            "require": {
                "php": ">=5.3.1",
                "behat/behat": ">=2.2.2"
            },
            "suggest": {
                "behat/symfony2-extension": "*",
                "behat/mink-extension": "*",
                "doctrine/doctrine-bundle": "*",
                "kriswallsmith/buzz": ">=0.5.0"
            },
            "time": "2012-12-05 01:49:40",
            "type": "library",
            "installation-source": "source",
            "autoload": {
                "psr-0": {
                    "Behat\\CommonContexts": ""
                }
            },
            "license": [
                "MIT"
            ],
            "authors": [
                {
                    "name": "Konstantin Kudryashov",
                    "email": "ever.zet@gmail.com",
                    "homepage": "http://everzet.com"
                },
                {
                    "name": "Johannes M. Schmitt",
                    "email": "schmittjoh@gmail.com",
                    "homepage": "https://github.com/schmittjoh"
                },
                {
                    "name": "Jakub Zalas",
                    "email": "jakub@zalas.pl",
                    "homepage": "http://www.zalas.eu/"
                },
                {
                    "name": "Geoffrey Bachelet",
                    "email": "geoffrey.bachelet@gmail.com",
                    "homepage": "https://github.com/ubermuda"
                }
            ],
            "description": "Commonly used contexts for Behat",
            "homepage": "http://behat.org/",
            "keywords": [
                "BDD",
                "Behat",
                "Symfony2",
                "Context"
            ],
            "support": {
                "source": "https://github.com/sizuhiko/CommonContexts/tree/ChangeUriBasedComparison"
            }
        },
        {
            "name": "behat/gherkin",
            "version": "v2.2.5",
            "source": {
                "type": "git",
                "url": "git://github.com/Behat/Gherkin.git",
                "reference": "v2.2.5"
            },
            "dist": {
                "type": "zip",
                "url": "https://github.com/Behat/Gherkin/zipball/v2.2.5",
                "reference": "v2.2.5",
                "shasum": ""
            },
            "require": {
                "php": ">=5.3.1",
                "symfony/finder": ">=2.0,<2.2-dev"
            },
            "require-dev": {
                "symfony/yaml": ">=2.0,<2.2-dev",
                "symfony/translation": ">=2.0,<2.2-dev",
                "symfony/config": ">=2.0,<2.2-dev"
            },
            "suggest": {
                "symfony/yaml": "If you want to parse features, represented in YAML files",
                "symfony/translation": "If you want to use Symfony2 translations adapter",
                "symfony/config": "If you want to use Config component to manage resources"
            },
            "time": "2012-09-26 03:03:21",
            "type": "library",
            "installation-source": "dist",
            "autoload": {
                "psr-0": {
                    "Behat\\Gherkin": "src/"
                }
            },
            "notification-url": "https://packagist.org/downloads/",
            "license": [
                "MIT"
            ],
            "authors": [
                {
                    "name": "Konstantin Kudryashov",
                    "email": "ever.zet@gmail.com",
                    "homepage": "http://everzet.com"
                }
            ],
            "description": "Gherkin DSL parser for PHP 5.3",
            "homepage": "http://behat.org/",
            "keywords": [
                "Symfony2",
                "BDD",
                "parser",
                "DSL",
                "Behat"
            ]
        },
        {
            "name": "behat/mink",
            "version": "dev-develop",
            "source": {
                "type": "git",
                "url": "git://github.com/Behat/Mink.git",
                "reference": "f622a074c55b03d98a7bac9e18fc52d392cb389a"
            },
            "dist": {
                "type": "zip",
                "url": "https://github.com/Behat/Mink/archive/f622a074c55b03d98a7bac9e18fc52d392cb389a.zip",
                "reference": "f622a074c55b03d98a7bac9e18fc52d392cb389a",
                "shasum": ""
            },
            "require": {
                "php": ">=5.3.1",
                "symfony/css-selector": ">=2.0.0,<2.3-dev"
            },
            "require-dev": {
                "behat/mink-goutte-driver": "*",
                "behat/mink-sahi-driver": "*",
                "behat/mink-selenium-driver": "*",
                "behat/mink-selenium2-driver": "*",
                "behat/mink-zombie-driver": "*",
                "symfony/finder": ">=2.0.0,<2.2.0-dev"
            },
            "suggest": {
                "behat/mink-goutte-driver": "to enable Goutte support",
                "behat/mink-sahi-driver": "to enable Sahi.JS support",
                "behat/mink-selenium-driver": "to enable Selenium1 support",
                "behat/mink-selenium2-driver": "to enable Selenium2 (webdriver support)",
                "behat/mink-zombie-driver": "to enable Zombie.js support"
            },
            "time": "2013-01-02 22:33:08",
            "type": "library",
            "extra": {
                "branch-alias": {
                    "dev-develop": "1.4.x-dev"
                }
            },
            "installation-source": "source",
            "autoload": {
                "psr-0": {
                    "Behat\\Mink": "src/"
                }
            },
            "notification-url": "https://packagist.org/downloads/",
            "license": [
                "MIT"
            ],
            "authors": [
                {
                    "name": "Konstantin Kudryashov",
                    "email": "ever.zet@gmail.com",
                    "homepage": "http://everzet.com"
                }
            ],
            "description": "Web acceptance testing framework for PHP 5.3",
            "homepage": "http://mink.behat.org/",
            "keywords": [
                "testing",
                "browser",
                "web"
            ]
        },
        {
            "name": "behat/mink-extension",
            "version": "dev-master",
            "source": {
                "type": "git",
                "url": "git://github.com/Behat/MinkExtension.git",
                "reference": "624e66b121a911339639d0972d5bff33cf1d10b2"
            },
            "dist": {
                "type": "zip",
                "url": "https://github.com/Behat/MinkExtension/archive/624e66b121a911339639d0972d5bff33cf1d10b2.zip",
                "reference": "624e66b121a911339639d0972d5bff33cf1d10b2",
                "shasum": ""
            },
            "require": {
                "php": ">=5.3.2",
                "behat/behat": ">=2.4.0,<2.5.0",
                "behat/mink": ">=1.4.0,<1.5.0"
            },
            "require-dev": {
                "behat/mink-goutte-driver": "*"
            },
            "time": "2013-01-03 17:37:30",
            "type": "behat-extension",
            "installation-source": "source",
            "autoload": {
                "psr-0": {
                    "Behat\\MinkExtension": "src/"
                }
            },
            "notification-url": "https://packagist.org/downloads/",
            "license": [
                "MIT"
            ],
            "authors": [
                {
                    "name": "Konstantin Kudryashov",
                    "email": "ever.zet@gmail.com",
                    "homepage": "http://everzet.com"
                }
            ],
            "description": "Mink extension for Behat",
            "homepage": "http://mink.behat.org",
            "keywords": [
                "test",
                "browser",
                "web",
                "gui"
            ]
        },
        {
            "name": "hamcrest/Hamcrest",
            "version": "1.1.0",
            "dist": {
                "type": "zip",
                "url": "http://hamcrest.googlecode.com/files/hamcrest-php-1.1.0.zip",
                "reference": null,
                "shasum": null
            },
            "type": "library",
            "installation-source": "dist",
            "autoload": {
                "classmap": [
                    "Hamcrest-1.1.0/"
                ]
            },
            "include-path": [
                "Hamcrest-1.1.0/"
            ]
        },
        {
            "name": "pear-pear.php.net/Console_CommandLine",
            "version": "1.2.0",
            "dist": {
                "type": "file",
                "url": "http://pear.php.net/get/Console_CommandLine-1.2.0.tgz",
                "reference": null,
                "shasum": null
            },
            "require": {
                "php": ">=5.1.0.0"
            },
            "replace": {
                "pear-pear/console_commandline": "== 1.2.0.0"
            },
            "type": "pear-library",
            "installation-source": "dist",
            "autoload": {
                "classmap": [
                    ""
                ]
            },
            "include-path": [
                "/"
            ],
            "description": "Console_CommandLine is a full featured package for managing command-line \noptions and arguments highly inspired from python optparse module, it allows \nthe developer to easily build complex command line interfaces.\n\nMain features:\n  * handles sub commands (ie. $ myscript.php -q subcommand -f file),\n  * can be completely built from an xml definition file,\n  * generate --help and --version options automatically,\n  * can be completely customized,\n  * builtin support for i18n,\n  * and much more..."
        },
        {
            "name": "pear-pear.phpunit.de/Object_Freezer",
            "version": "1.0.0",
            "dist": {
                "type": "file",
                "url": "http://pear.phpunit.de/get/Object_Freezer-1.0.0.tgz",
                "reference": null,
                "shasum": null
            },
            "require": {
                "php": ">=5.3.0.0"
            },
            "replace": {
                "pear-phpunit/object_freezer": "== 1.0.0.0"
            },
            "type": "pear-library",
            "installation-source": "dist",
            "autoload": {
                "classmap": [
                    ""
                ]
            },
            "include-path": [
                "/"
            ],
            "description": "Library that provides the low-level functionality required to store (\"freeze\") PHP objects to and fetch (\"thaw\") PHP objects from an object store."
        },
        {
            "name": "sizuhiko/Spec-PHP",
            "version": "0.9.5.3.dev",
            "source": {
                "type": "git",
                "url": "https://github.com/sizuhiko/Spec-PHP.git",
                "reference": "develop"
            },
            "dist": {
                "type": "zip",
                "url": "https://github.com/sizuhiko/Spec-PHP/zipball/0.9.5.3.dev",
                "reference": null,
                "shasum": null
            },
            "type": "library",
            "installation-source": "source",
            "autoload": {
                "psr-0": {
                    "DrSlump": "library/"
                }
            }
        },
        {
            "name": "symfony/config",
            "version": "2.1.x-dev",
            "target-dir": "Symfony/Component/Config",
            "source": {
                "type": "git",
                "url": "https://github.com/symfony/Config",
                "reference": "1a80f4816ab1d8afd7f3f1e9e5b4750dc15085e0"
            },
            "dist": {
                "type": "zip",
                "url": "https://github.com/symfony/Config/archive/1a80f4816ab1d8afd7f3f1e9e5b4750dc15085e0.zip",
                "reference": "1a80f4816ab1d8afd7f3f1e9e5b4750dc15085e0",
                "shasum": ""
            },
            "require": {
                "php": ">=5.3.3"
            },
            "time": "2013-01-04 17:00:54",
            "type": "library",
            "installation-source": "source",
            "autoload": {
                "psr-0": {
                    "Symfony\\Component\\Config": ""
                }
            },
            "notification-url": "https://packagist.org/downloads/",
            "license": [
                "MIT"
            ],
            "authors": [
                {
                    "name": "Fabien Potencier",
                    "email": "fabien@symfony.com"
                },
                {
                    "name": "Symfony Community",
                    "homepage": "http://symfony.com/contributors"
                }
            ],
            "description": "Symfony Config Component",
            "homepage": "http://symfony.com"
        },
        {
            "name": "symfony/console",
            "version": "2.1.x-dev",
            "target-dir": "Symfony/Component/Console",
            "source": {
                "type": "git",
                "url": "https://github.com/symfony/Console",
                "reference": "331ee1ef8b7cd2c9bf2daba5511d6ce145b62f00"
            },
            "dist": {
                "type": "zip",
                "url": "https://github.com/symfony/Console/archive/331ee1ef8b7cd2c9bf2daba5511d6ce145b62f00.zip",
                "reference": "331ee1ef8b7cd2c9bf2daba5511d6ce145b62f00",
                "shasum": ""
            },
            "require": {
                "php": ">=5.3.3"
            },
            "time": "2013-01-05 20:33:45",
            "type": "library",
            "installation-source": "source",
            "autoload": {
                "psr-0": {
                    "Symfony\\Component\\Console": ""
                }
            },
            "notification-url": "https://packagist.org/downloads/",
            "license": [
                "MIT"
            ],
            "authors": [
                {
                    "name": "Fabien Potencier",
                    "email": "fabien@symfony.com"
                },
                {
                    "name": "Symfony Community",
                    "homepage": "http://symfony.com/contributors"
                }
            ],
            "description": "Symfony Console Component",
            "homepage": "http://symfony.com"
        },
        {
            "name": "symfony/css-selector",
            "version": "dev-master",
            "target-dir": "Symfony/Component/CssSelector",
            "source": {
                "type": "git",
                "url": "https://github.com/symfony/CssSelector",
                "reference": "d55698c211a05e9aa1b9e88cd830c1d1e094cec1"
            },
            "dist": {
                "type": "zip",
                "url": "https://github.com/symfony/CssSelector/archive/d55698c211a05e9aa1b9e88cd830c1d1e094cec1.zip",
                "reference": "d55698c211a05e9aa1b9e88cd830c1d1e094cec1",
                "shasum": ""
            },
            "require": {
                "php": ">=5.3.3"
            },
            "time": "2013-01-05 17:52:40",
            "type": "library",
            "extra": {
                "branch-alias": {
                    "dev-master": "2.2-dev"
                }
            },
            "installation-source": "source",
            "autoload": {
                "psr-0": {
                    "Symfony\\Component\\CssSelector\\": ""
                }
            },
            "notification-url": "https://packagist.org/downloads/",
            "license": [
                "MIT"
            ],
            "authors": [
                {
                    "name": "Fabien Potencier",
                    "email": "fabien@symfony.com"
                },
                {
                    "name": "Symfony Community",
                    "homepage": "http://symfony.com/contributors"
                }
            ],
            "description": "Symfony CssSelector Component",
            "homepage": "http://symfony.com"
        },
        {
            "name": "symfony/dependency-injection",
            "version": "2.1.x-dev",
            "target-dir": "Symfony/Component/DependencyInjection",
            "source": {
                "type": "git",
                "url": "https://github.com/symfony/DependencyInjection",
                "reference": "7892466ba1be0cd5bde47e6f6e8fa36a53b7329f"
            },
            "dist": {
                "type": "zip",
                "url": "https://github.com/symfony/DependencyInjection/archive/7892466ba1be0cd5bde47e6f6e8fa36a53b7329f.zip",
                "reference": "7892466ba1be0cd5bde47e6f6e8fa36a53b7329f",
                "shasum": ""
            },
            "require": {
                "php": ">=5.3.3"
            },
            "require-dev": {
                "symfony/yaml": "2.1.*",
                "symfony/config": "2.1.*"
            },
            "suggest": {
                "symfony/yaml": "2.1.*",
                "symfony/config": "2.1.*"
            },
            "time": "2013-01-05 15:31:25",
            "type": "library",
            "installation-source": "source",
            "autoload": {
                "psr-0": {
                    "Symfony\\Component\\DependencyInjection": ""
                }
            },
            "notification-url": "https://packagist.org/downloads/",
            "license": [
                "MIT"
            ],
            "authors": [
                {
                    "name": "Fabien Potencier",
                    "email": "fabien@symfony.com"
                },
                {
                    "name": "Symfony Community",
                    "homepage": "http://symfony.com/contributors"
                }
            ],
            "description": "Symfony DependencyInjection Component",
            "homepage": "http://symfony.com"
        },
        {
            "name": "symfony/event-dispatcher",
            "version": "2.1.x-dev",
            "target-dir": "Symfony/Component/EventDispatcher",
            "source": {
                "type": "git",
                "url": "https://github.com/symfony/EventDispatcher",
                "reference": "1018313ea65428d645cd778bc354932d64a0f4e9"
            },
            "dist": {
                "type": "zip",
                "url": "https://github.com/symfony/EventDispatcher/archive/1018313ea65428d645cd778bc354932d64a0f4e9.zip",
                "reference": "1018313ea65428d645cd778bc354932d64a0f4e9",
                "shasum": ""
            },
            "require": {
                "php": ">=5.3.3"
            },
            "require-dev": {
                "symfony/dependency-injection": "2.1.*"
            },
            "suggest": {
                "symfony/dependency-injection": "2.1.*",
                "symfony/http-kernel": "2.1.*"
            },
            "time": "2013-01-04 17:00:54",
            "type": "library",
            "installation-source": "source",
            "autoload": {
                "psr-0": {
                    "Symfony\\Component\\EventDispatcher": ""
                }
            },
            "notification-url": "https://packagist.org/downloads/",
            "license": [
                "MIT"
            ],
            "authors": [
                {
                    "name": "Fabien Potencier",
                    "email": "fabien@symfony.com"
                },
                {
                    "name": "Symfony Community",
                    "homepage": "http://symfony.com/contributors"
                }
            ],
            "description": "Symfony EventDispatcher Component",
            "homepage": "http://symfony.com"
        },
        {
            "name": "symfony/finder",
            "version": "2.1.x-dev",
            "target-dir": "Symfony/Component/Finder",
            "source": {
                "type": "git",
                "url": "https://github.com/symfony/Finder",
                "reference": "0530e25920b845e5fae7d9bd52444221055cc9ab"
            },
            "dist": {
                "type": "zip",
                "url": "https://github.com/symfony/Finder/archive/0530e25920b845e5fae7d9bd52444221055cc9ab.zip",
                "reference": "0530e25920b845e5fae7d9bd52444221055cc9ab",
                "shasum": ""
            },
            "require": {
                "php": ">=5.3.3"
            },
            "time": "2013-01-04 17:00:54",
            "type": "library",
            "installation-source": "source",
            "autoload": {
                "psr-0": {
                    "Symfony\\Component\\Finder": ""
                }
            },
            "notification-url": "https://packagist.org/downloads/",
            "license": [
                "MIT"
            ],
            "authors": [
                {
                    "name": "Fabien Potencier",
                    "email": "fabien@symfony.com"
                },
                {
                    "name": "Symfony Community",
                    "homepage": "http://symfony.com/contributors"
                }
            ],
            "description": "Symfony Finder Component",
            "homepage": "http://symfony.com"
        },
        {
            "name": "symfony/translation",
            "version": "2.1.x-dev",
            "target-dir": "Symfony/Component/Translation",
            "source": {
                "type": "git",
                "url": "https://github.com/symfony/Translation",
                "reference": "8d95063995a7c0da61dad27a318dc98bf1e50564"
            },
            "dist": {
                "type": "zip",
                "url": "https://github.com/symfony/Translation/archive/8d95063995a7c0da61dad27a318dc98bf1e50564.zip",
                "reference": "8d95063995a7c0da61dad27a318dc98bf1e50564",
                "shasum": ""
            },
            "require": {
                "php": ">=5.3.3"
            },
            "require-dev": {
                "symfony/config": "2.1.*",
                "symfony/yaml": "2.1.*"
            },
            "suggest": {
                "symfony/config": "2.1.*",
                "symfony/yaml": "2.1.*"
            },
            "time": "2013-01-04 17:00:54",
            "type": "library",
            "installation-source": "source",
            "autoload": {
                "psr-0": {
                    "Symfony\\Component\\Translation": ""
                }
            },
            "notification-url": "https://packagist.org/downloads/",
            "license": [
                "MIT"
            ],
            "authors": [
                {
                    "name": "Fabien Potencier",
                    "email": "fabien@symfony.com"
                },
                {
                    "name": "Symfony Community",
                    "homepage": "http://symfony.com/contributors"
                }
            ],
            "description": "Symfony Translation Component",
            "homepage": "http://symfony.com"
        },
        {
            "name": "symfony/yaml",
            "version": "2.1.x-dev",
            "target-dir": "Symfony/Component/Yaml",
            "source": {
                "type": "git",
                "url": "https://github.com/symfony/Yaml",
                "reference": "04b4da83cf5eeef90c74b7965cf12389ae08d3e1"
            },
            "dist": {
                "type": "zip",
                "url": "https://github.com/symfony/Yaml/archive/04b4da83cf5eeef90c74b7965cf12389ae08d3e1.zip",
                "reference": "04b4da83cf5eeef90c74b7965cf12389ae08d3e1",
                "shasum": ""
            },
            "require": {
                "php": ">=5.3.3"
            },
            "time": "2013-01-04 17:00:54",
            "type": "library",
            "installation-source": "source",
            "autoload": {
                "psr-0": {
                    "Symfony\\Component\\Yaml": ""
                }
            },
            "notification-url": "https://packagist.org/downloads/",
            "license": [
                "MIT"
            ],
            "authors": [
                {
                    "name": "Fabien Potencier",
                    "email": "fabien@symfony.com"
                },
                {
                    "name": "Symfony Community",
                    "homepage": "http://symfony.com/contributors"
                }
            ],
            "description": "Symfony Yaml Component",
            "homepage": "http://symfony.com"
        }
    ],
    "packages-dev": [
        {
            "name": "alexandresalome/php-selenium",
            "version": "dev-master",
            "source": {
                "type": "git",
                "url": "https://github.com/alexandresalome/PHP-Selenium.git",
                "reference": "1.0.1"
            },
            "dist": {
                "type": "zip",
                "url": "https://github.com/alexandresalome/PHP-Selenium/archive/1.0.1.zip",
                "reference": "1.0.1",
                "shasum": ""
            },
            "require-dev": {
                "symfony/dom-crawler": "dev-master"
            },
            "time": "2012-07-10 11:39:20",
            "type": "library",
            "installation-source": "source",
            "autoload": {
                "psr-0": {
                    "Selenium": "src/"
                }
            },
            "notification-url": "https://packagist.org/downloads/",
            "license": [
                "MIT"
            ],
            "authors": [
                {
                    "name": "Alexandre Salomé",
                    "email": "alexandre.salome@gmail.com",
                    "homepage": "http://alexandre-salome.fr/"
                }
            ],
            "description": "PHP Library for Selenium",
            "keywords": [
                "selenium"
            ]
        },
        {
            "name": "behat/mink-browserkit-driver",
            "version": "dev-master",
            "source": {
                "type": "git",
                "url": "git://github.com/Behat/MinkBrowserKitDriver.git",
                "reference": "fa865aee4796ea08d38952b840267736be833d1d"
            },
            "dist": {
                "type": "zip",
                "url": "https://github.com/Behat/MinkBrowserKitDriver/archive/fa865aee4796ea08d38952b840267736be833d1d.zip",
                "reference": "fa865aee4796ea08d38952b840267736be833d1d",
                "shasum": ""
            },
            "require": {
                "php": ">=5.3.1",
                "symfony/browser-kit": ">=2.0.0,<2.3-dev",
                "symfony/dom-crawler": ">=2.0.0,<2.3-dev"
            },
            "time": "2012-11-18 17:19:25",
            "type": "mink-driver",
            "installation-source": "source",
            "autoload": {
                "psr-0": {
                    "Behat\\Mink\\Driver": "src/"
                }
            },
            "notification-url": "https://packagist.org/downloads/",
            "license": [
                "MIT"
            ],
            "authors": [
                {
                    "name": "Konstantin Kudryashov",
                    "email": "ever.zet@gmail.com",
                    "homepage": "http://everzet.com"
                }
            ],
            "description": "Symfony2 BrowserKit driver for Mink framework",
            "homepage": "http://mink.behat.org/",
            "keywords": [
                "Symfony2",
                "testing",
                "browser"
            ]
        },
        {
            "name": "behat/mink-goutte-driver",
            "version": "dev-master",
            "source": {
                "type": "git",
                "url": "git://github.com/Behat/MinkGoutteDriver.git",
                "reference": "7a3a6448dafa165ef77533dc882b6ca7dad10c06"
            },
            "dist": {
                "type": "zip",
                "url": "https://github.com/Behat/MinkGoutteDriver/archive/7a3a6448dafa165ef77533dc882b6ca7dad10c06.zip",
                "reference": "7a3a6448dafa165ef77533dc882b6ca7dad10c06",
                "shasum": ""
            },
            "require": {
                "php": ">=5.3.1",
                "behat/mink": ">=1.4.0,<1.5.0-dev",
                "behat/mink-browserkit-driver": "*@dev",
                "fabpot/goutte": "1.0.*",
                "symfony/browser-kit": ">=2.1,<2.3-dev",
                "symfony/css-selector": ">=2.1,<2.3-dev",
                "symfony/dom-crawler": ">=2.1,<2.3-dev",
                "symfony/finder": ">=2.1,<2.3-dev",
                "symfony/process": ">=2.1,<2.3-dev"
            },
            "time": "2013-01-03 09:43:06",
            "type": "mink-driver",
            "installation-source": "source",
            "autoload": {
                "psr-0": {
                    "Behat\\Mink\\Driver": "src/"
                }
            },
            "notification-url": "https://packagist.org/downloads/",
            "license": [
                "MIT"
            ],
            "authors": [
                {
                    "name": "Konstantin Kudryashov",
                    "email": "ever.zet@gmail.com",
                    "homepage": "http://everzet.com"
                }
            ],
            "description": "Goutte driver for Mink framework",
            "homepage": "http://mink.behat.org/",
            "keywords": [
                "testing",
                "browser",
                "goutte",
                "headless"
            ]
        },
        {
            "name": "behat/mink-selenium-driver",
            "version": "dev-master",
            "source": {
                "type": "git",
                "url": "git://github.com/Behat/MinkSeleniumDriver.git",
                "reference": "9d7f0993a3b5750ef8926bcecf9cfe946c1990b4"
            },
            "dist": {
                "type": "zip",
                "url": "https://github.com/Behat/MinkSeleniumDriver/archive/9d7f0993a3b5750ef8926bcecf9cfe946c1990b4.zip",
                "reference": "9d7f0993a3b5750ef8926bcecf9cfe946c1990b4",
                "shasum": ""
            },
            "require": {
                "php": ">=5.3.1",
                "behat/mink": ">=1.4.0,<1.5.0",
                "symfony/dom-crawler": ">=2.0.0,<2.2.0",
                "alexandresalome/php-selenium": "@dev"
            },
            "time": "2012-10-07 16:04:20",
            "type": "mink-driver",
            "installation-source": "source",
            "autoload": {
                "psr-0": {
                    "Behat\\Mink\\Driver": "src/"
                }
            },
            "notification-url": "https://packagist.org/downloads/",
            "license": [
                "MIT"
            ],
            "authors": [
                {
                    "name": "Konstantin Kudryashov",
                    "email": "ever.zet@gmail.com",
                    "homepage": "http://everzet.com"
                }
            ],
            "description": "Selenium driver for Mink framework",
            "homepage": "http://mink.behat.org/",
            "keywords": [
                "javascript",
                "testing",
                "browser",
                "ajax",
                "selenium"
            ]
        },
        {
            "name": "behat/mink-selenium2-driver",
            "version": "dev-master",
            "source": {
                "type": "git",
                "url": "git://github.com/Behat/MinkSelenium2Driver.git",
                "reference": "e604ce91d65d01233b3f41ca58847c30138e6867"
            },
            "dist": {
                "type": "zip",
                "url": "https://github.com/Behat/MinkSelenium2Driver/archive/e604ce91d65d01233b3f41ca58847c30138e6867.zip",
                "reference": "e604ce91d65d01233b3f41ca58847c30138e6867",
                "shasum": ""
            },
            "require": {
                "php": ">=5.3.1",
                "instaclick/php-webdriver": "@dev",
                "behat/mink": "1.4.*"
            },
            "time": "2012-11-21 18:42:20",
            "type": "mink-driver",
            "installation-source": "source",
            "autoload": {
                "psr-0": {
                    "Behat\\Mink\\Driver": "src/"
                }
            },
            "notification-url": "https://packagist.org/downloads/",
            "license": [
                "MIT"
            ],
            "authors": [
                {
                    "name": "Konstantin Kudryashov",
                    "email": "ever.zet@gmail.com",
                    "homepage": "http://everzet.com"
                }
            ],
            "description": "Selenium2 (WebDriver) driver for Mink framework",
            "homepage": "http://mink.behat.org/",
            "keywords": [
                "javascript",
                "testing",
                "browser",
                "ajax",
                "selenium",
                "webdriver"
            ]
        },
        {
            "name": "fabpot/goutte",
            "version": "dev-master",
            "source": {
                "type": "git",
                "url": "https://github.com/fabpot/Goutte",
                "reference": "0311a8950449aede3f582788f2948704526434cc"
            },
            "dist": {
                "type": "zip",
                "url": "https://github.com/fabpot/Goutte/archive/0311a8950449aede3f582788f2948704526434cc.zip",
                "reference": "0311a8950449aede3f582788f2948704526434cc",
                "shasum": ""
            },
            "require": {
                "php": ">=5.3.0",
                "ext-curl": "*",
                "guzzle/guzzle": "3.0.*",
                "symfony/browser-kit": ">=2.1, <2.3-dev",
                "symfony/css-selector": ">=2.1, <2.3-dev",
                "symfony/dom-crawler": ">=2.1, <2.3-dev",
                "symfony/finder": ">=2.1, <2.3-dev",
                "symfony/process": ">=2.1, <2.3-dev"
            },
            "time": "2013-01-04 16:53:28",
            "type": "application",
            "extra": {
                "branch-alias": {
                    "dev-master": "1.0-dev"
                }
            },
            "installation-source": "source",
            "autoload": {
                "psr-0": {
                    "Goutte": "."
                }
            },
            "notification-url": "https://packagist.org/downloads/",
            "license": [
                "MIT"
            ],
            "authors": [
                {
                    "name": "Fabien Potencier",
                    "email": "fabien@symfony.com"
                }
            ],
            "description": "A simple PHP Web Scraper",
            "homepage": "https://github.com/fabpot/Goutte",
            "keywords": [
                "scraper"
            ]
        },
        {
            "name": "guzzle/guzzle",
            "version": "dev-master",
            "source": {
                "type": "git",
                "url": "https://github.com/guzzle/guzzle",
                "reference": "a2e051ce52ae527cc352c324fe220390460166fd"
            },
            "dist": {
                "type": "zip",
                "url": "https://github.com/guzzle/guzzle/archive/a2e051ce52ae527cc352c324fe220390460166fd.zip",
                "reference": "a2e051ce52ae527cc352c324fe220390460166fd",
                "shasum": ""
            },
            "require": {
                "php": ">=5.3.2",
                "ext-curl": "*",
                "symfony/event-dispatcher": ">=2.1"
            },
            "replace": {
                "guzzle/common": "self.version",
                "guzzle/http": "self.version",
                "guzzle/parser": "self.version",
                "guzzle/batch": "self.version",
                "guzzle/cache": "self.version",
                "guzzle/inflection": "self.version",
                "guzzle/iterator": "self.version",
                "guzzle/log": "self.version",
                "guzzle/plugin": "self.version",
                "guzzle/plugin-async": "self.version",
                "guzzle/plugin-backoff": "self.version",
                "guzzle/plugin-cache": "self.version",
                "guzzle/plugin-cookie": "self.version",
                "guzzle/plugin-curlauth": "self.version",
                "guzzle/plugin-history": "self.version",
                "guzzle/plugin-log": "self.version",
                "guzzle/plugin-mock": "self.version",
                "guzzle/plugin-oauth": "self.version",
                "guzzle/service": "self.version",
                "guzzle/stream": "self.version",
                "guzzle/plugin-md5": "self.version"
            },
            "require-dev": {
                "doctrine/common": "*",
                "symfony/class-loader": "*",
                "monolog/monolog": "1.*",
                "zend/zend-log1": "1.12",
                "zend/zend-cache1": "1.12",
                "zendframework/zend-cache": "2.0.*",
                "zendframework/zend-log": "2.0.*",
                "phpunit/phpunit": "3.7.*"
            },
            "suggest": {
                "symfony/class-loader": "*",
                "monolog/monolog": "*",
                "zend/zend-cache": "2.0.0beta3",
                "zend/zend-log": "2.0.0beta3"
            },
            "time": "2012-12-31 05:22:54",
            "type": "library",
            "extra": {
                "branch-alias": {
                    "dev-master": "3.0-dev"
                }
            },
            "installation-source": "source",
            "autoload": {
                "psr-0": {
                    "Guzzle\\Tests": "tests/",
                    "Guzzle": "src/"
                }
            },
            "notification-url": "https://packagist.org/downloads/",
            "license": [
                "MIT"
            ],
            "authors": [
                {
                    "name": "Michael Dowling",
                    "email": "mtdowling@gmail.com",
                    "homepage": "https://github.com/mtdowling"
                },
                {
                    "name": "Guzzle Community",
                    "homepage": "https://github.com/guzzle/guzzle/contributors"
                }
            ],
            "description": "Guzzle is a PHP HTTP client library and framework for building RESTful web service clients",
            "homepage": "http://guzzlephp.org/",
            "keywords": [
                "framework",
                "curl",
                "http",
                "rest",
                "http client",
                "client",
                "web service"
            ]
        },
        {
            "name": "instaclick/php-webdriver",
            "version": "dev-master",
            "source": {
                "type": "git",
                "url": "https://github.com/instaclick/php-webdriver",
                "reference": "1.0.11"
            },
            "dist": {
                "type": "zip",
                "url": "https://github.com/instaclick/php-webdriver/archive/1.0.11.zip",
                "reference": "1.0.11",
                "shasum": ""
            },
            "require": {
                "php": ">=5.3.2"
            },
            "time": "2012-12-02 22:08:47",
            "type": "library",
            "installation-source": "source",
            "autoload": {
                "psr-0": {
                    "WebDriver": "lib/"
                }
            },
            "notification-url": "https://packagist.org/downloads/",
            "license": [
                "Apache"
            ],
            "authors": [
                {
                    "name": "Justin Bishop",
                    "email": "jubishop@gmail.com",
                    "role": "Developer"
                },
                {
                    "name": "Anthon Pang",
                    "email": "apang@softwaredevelopment.ca",
                    "role": "Fork Maintainer"
                }
            ],
            "description": "PHP WebDriver for Selenium 2",
            "homepage": "http://instaclick.com/torontotechjobs/",
            "keywords": [
                "browser",
                "selenium",
                "webdriver",
                "webtest"
            ]
        },
        {
            "name": "symfony/browser-kit",
            "version": "2.1.x-dev",
            "target-dir": "Symfony/Component/BrowserKit",
            "source": {
                "type": "git",
                "url": "https://github.com/symfony/BrowserKit",
                "reference": "e9ca660d8d95010133db6083c135e0e6a6988353"
            },
            "dist": {
                "type": "zip",
                "url": "https://github.com/symfony/BrowserKit/archive/e9ca660d8d95010133db6083c135e0e6a6988353.zip",
                "reference": "e9ca660d8d95010133db6083c135e0e6a6988353",
                "shasum": ""
            },
            "require": {
                "php": ">=5.3.3",
                "symfony/dom-crawler": "2.1.*"
            },
            "require-dev": {
                "symfony/process": "2.1.*",
                "symfony/css-selector": "2.1.*"
            },
            "suggest": {
                "symfony/process": "2.1.*"
            },
            "time": "2013-01-04 17:00:54",
            "type": "library",
            "installation-source": "source",
            "autoload": {
                "psr-0": {
                    "Symfony\\Component\\BrowserKit": ""
                }
            },
            "notification-url": "https://packagist.org/downloads/",
            "license": [
                "MIT"
            ],
            "authors": [
                {
                    "name": "Fabien Potencier",
                    "email": "fabien@symfony.com"
                },
                {
                    "name": "Symfony Community",
                    "homepage": "http://symfony.com/contributors"
                }
            ],
            "description": "Symfony BrowserKit Component",
            "homepage": "http://symfony.com"
        },
        {
            "name": "symfony/dom-crawler",
            "version": "2.1.x-dev",
            "target-dir": "Symfony/Component/DomCrawler",
            "source": {
                "type": "git",
                "url": "https://github.com/symfony/DomCrawler",
                "reference": "6c916656100538aa380ef9b099ea1234ecae29f1"
            },
            "dist": {
                "type": "zip",
                "url": "https://github.com/symfony/DomCrawler/archive/6c916656100538aa380ef9b099ea1234ecae29f1.zip",
                "reference": "6c916656100538aa380ef9b099ea1234ecae29f1",
                "shasum": ""
            },
            "require": {
                "php": ">=5.3.3"
            },
            "require-dev": {
                "symfony/css-selector": "2.1.*"
            },
            "suggest": {
                "symfony/css-selector": "2.1.*"
            },
            "time": "2013-01-04 17:00:54",
            "type": "library",
            "installation-source": "source",
            "autoload": {
                "psr-0": {
                    "Symfony\\Component\\DomCrawler": ""
                }
            },
            "notification-url": "https://packagist.org/downloads/",
            "license": [
                "MIT"
            ],
            "authors": [
                {
                    "name": "Fabien Potencier",
                    "email": "fabien@symfony.com"
                },
                {
                    "name": "Symfony Community",
                    "homepage": "http://symfony.com/contributors"
                }
            ],
            "description": "Symfony DomCrawler Component",
            "homepage": "http://symfony.com"
        },
        {
            "name": "symfony/process",
            "version": "dev-master",
            "target-dir": "Symfony/Component/Process",
            "source": {
                "type": "git",
                "url": "https://github.com/symfony/Process",
                "reference": "cad46749e8c89792df9c3b2474e528e925790642"
            },
            "dist": {
                "type": "zip",
                "url": "https://github.com/symfony/Process/archive/cad46749e8c89792df9c3b2474e528e925790642.zip",
                "reference": "cad46749e8c89792df9c3b2474e528e925790642",
                "shasum": ""
            },
            "require": {
                "php": ">=5.3.3"
            },
            "time": "2013-01-05 18:24:35",
            "type": "library",
            "extra": {
                "branch-alias": {
                    "dev-master": "2.2-dev"
                }
            },
            "installation-source": "source",
            "autoload": {
                "psr-0": {
                    "Symfony\\Component\\Process\\": ""
                }
            },
            "notification-url": "https://packagist.org/downloads/",
            "license": [
                "MIT"
            ],
            "authors": [
                {
                    "name": "Fabien Potencier",
                    "email": "fabien@symfony.com"
                },
                {
                    "name": "Symfony Community",
                    "homepage": "http://symfony.com/contributors"
                }
            ],
            "description": "Symfony Process Component",
            "homepage": "http://symfony.com"
        }
    ],
    "aliases": [

    ],
    "minimum-stability": "dev",
    "stability-flags": {
        "behat/common-contexts": 20
    }
}
